
Microsoft Visual Studio Solution File, Format Version 12.00
# Visual Studio 15
VisualStudioVersion = 15.0.28307.168
MinimumVisualStudioVersion = 10.0.40219.1
Project("{FAE04EC0-301F-11D3-BF4B-00C04F79EFBC}") = "KinoAfisha.Api", "KinoAfisha\KinoAfisha.Api.csproj", "{2BCFC838-FA4D-49B5-969C-D8EF67785C5D}"
EndProject
Project("{FAE04EC0-301F-11D3-BF4B-00C04F79EFBC}") = "KinoAfishaServices", "KinoAfishaServices\KinoAfishaServices.csproj", "{32B96A55-3897-4250-88C4-54076626DC1F}"
EndProject
Global
	GlobalSection(SolutionConfigurationPlatforms) = preSolution
		Debug|Any CPU = Debug|Any CPU
		Release|Any CPU = Release|Any CPU
	EndGlobalSection
	GlobalSection(ProjectConfigurationPlatforms) = postSolution
		{2BCFC838-FA4D-49B5-969C-D8EF67785C5D}.Debug|Any CPU.ActiveCfg = Debug|Any CPU
		{2BCFC838-FA4D-49B5-969C-D8EF67785C5D}.Debug|Any CPU.Build.0 = Debug|Any CPU
		{2BCFC838-FA4D-49B5-969C-D8EF67785C5D}.Release|Any CPU.ActiveCfg = Release|Any CPU
		{2BCFC838-FA4D-49B5-969C-D8EF67785C5D}.Release|Any CPU.Build.0 = Release|Any CPU
		{32B96A55-3897-4250-88C4-54076626DC1F}.Debug|Any CPU.ActiveCfg = Debug|Any CPU
		{32B96A55-3897-4250-88C4-54076626DC1F}.Debug|Any CPU.Build.0 = Debug|Any CPU
		{32B96A55-3897-4250-88C4-54076626DC1F}.Release|Any CPU.ActiveCfg = Release|Any CPU
		{32B96A55-3897-4250-88C4-54076626DC1F}.Release|Any CPU.Build.0 = Release|Any CPU
	EndGlobalSection
	GlobalSection(SolutionProperties) = preSolution
		HideSolutionNode = FALSE
	EndGlobalSection
	GlobalSection(ExtensibilityGlobals) = postSolution
		SolutionGuid = {DE74F2C7-3BA8-4826-94FD-EE3233D906B6}
	EndGlobalSection
EndGlobal
